
Microsoft Visual Studio Solution File, Format Version 12.00
# Visual Studio Version 17
VisualStudioVersion = 17.6.33815.320
MinimumVisualStudioVersion = 10.0.40219.1
Project("{9A19103F-16F7-4668-BE54-9A1E7A4F7556}") = "AuthorizationCodeFlow", "AuthorizationCodeFlow.csproj", "{5F117943-3D77-4810-9888-FB3B98B626B5}"
EndProject
Global
	GlobalSection(SolutionConfigurationPlatforms) = preSolution
		Debug|Any CPU = Debug|Any CPU
		Release|Any CPU = Release|Any CPU
	EndGlobalSection
	GlobalSection(ProjectConfigurationPlatforms) = postSolution
		{5F117943-3D77-4810-9888-FB3B98B626B5}.Debug|Any CPU.ActiveCfg = Debug|Any CPU
		{5F117943-3D77-4810-9888-FB3B98B626B5}.Debug|Any CPU.Build.0 = Debug|Any CPU
		{5F117943-3D77-4810-9888-FB3B98B626B5}.Release|Any CPU.ActiveCfg = Release|Any CPU
		{5F117943-3D77-4810-9888-FB3B98B626B5}.Release|Any CPU.Build.0 = Release|Any CPU
	EndGlobalSection
	GlobalSection(SolutionProperties) = preSolution
		HideSolutionNode = FALSE
	EndGlobalSection
	GlobalSection(ExtensibilityGlobals) = postSolution
		SolutionGuid = {66BC73D3-F8E9-41B2-A66A-7FB3FD3DE3AE}
	EndGlobalSection
EndGlobal
